
Microsoft Visual Studio Solution File, Format Version 12.00
# Visual Studio Version 17
VisualStudioVersion = 17.10.34928.147
MinimumVisualStudioVersion = 10.0.40219.1
Project("{FAE04EC0-301F-11D3-BF4B-00C04F79EFBC}") = "PredictiveMaintenance", "PredictiveMaintenance\PredictiveMaintenance.csproj", "{A035E511-756A-4547-B2CA-649C94AD23ED}"
EndProject
Project("{9A19103F-16F7-4668-BE54-9A1E7A4F7556}") = "PredictiveMaintenanceModel_ConsoleApp1", "PredictiveMaintenanceModel_ConsoleApp1\PredictiveMaintenanceModel_ConsoleApp1.csproj", "{A2AAE89E-868A-438F-9099-0DF541EB842C}"
EndProject
Global
	GlobalSection(SolutionConfigurationPlatforms) = preSolution
		Debug|Any CPU = Debug|Any CPU
		Release|Any CPU = Release|Any CPU
	EndGlobalSection
	GlobalSection(ProjectConfigurationPlatforms) = postSolution
		{A035E511-756A-4547-B2CA-649C94AD23ED}.Debug|Any CPU.ActiveCfg = Debug|Any CPU
		{A035E511-756A-4547-B2CA-649C94AD23ED}.Debug|Any CPU.Build.0 = Debug|Any CPU
		{A035E511-756A-4547-B2CA-649C94AD23ED}.Release|Any CPU.ActiveCfg = Release|Any CPU
		{A035E511-756A-4547-B2CA-649C94AD23ED}.Release|Any CPU.Build.0 = Release|Any CPU
		{A2AAE89E-868A-438F-9099-0DF541EB842C}.Debug|Any CPU.ActiveCfg = Debug|Any CPU
		{A2AAE89E-868A-438F-9099-0DF541EB842C}.Debug|Any CPU.Build.0 = Debug|Any CPU
		{A2AAE89E-868A-438F-9099-0DF541EB842C}.Release|Any CPU.ActiveCfg = Release|Any CPU
		{A2AAE89E-868A-438F-9099-0DF541EB842C}.Release|Any CPU.Build.0 = Release|Any CPU
	EndGlobalSection
	GlobalSection(SolutionProperties) = preSolution
		HideSolutionNode = FALSE
	EndGlobalSection
	GlobalSection(ExtensibilityGlobals) = postSolution
		SolutionGuid = {6217362F-1C66-4124-B9B0-76C3508D7EA3}
	EndGlobalSection
EndGlobal
